# This file is autogenerated, do not edit; changes may be undone by the next 'dep ensure'.


[[projects]]
  branch = "master"
  digest = "1:4cc6a15fe9886e53253bf6b16b737111f08d9f4a6d83f881e76ae5ec665aaf41"
  name = "github.com/rylans/getlang"
  packages = ["."]
  pruneopts = "UT"
  revision = "bc10a4549029b385278b0a50a1ffd92a2955a54d"

[[projects]]
  digest = "1:770ae53f0090c9b9ddea5f62c746e61c2adcfb0e877f321e1d07263feffe7a24"
  name = "golang.org/x/text"
  packages = [
    "internal/format",
    "internal/gen",
    "internal/tag",
    "language",
    "language/display",
    "unicode/cldr",
  ]
  pruneopts = "UT"
  revision = "f21a4dfb5e38f5895301dc265a8def02365cc3d0"
  version = "v0.3.0"

[solve-meta]
  analyzer-name = "dep"
  analyzer-version = 1
  input-imports = ["github.com/rylans/getlang"]
  solver-name = "gps-cdcl"
  solver-version = 1
